
Microsoft Visual Studio Solution File, Format Version 12.00
# Visual Studio Version 16
VisualStudioVersion = 16.0.30011.22
MinimumVisualStudioVersion = 10.0.40219.1
Project("{FAE04EC0-301F-11D3-BF4B-00C04F79EFBC}") = "ToDoListWPF", "ToDoListWPF.csproj", "{D9FD5343-16A2-4BFC-8CC3-4C640BB2E087}"
EndProject
Global
	GlobalSection(SolutionConfigurationPlatforms) = preSolution
		Debug|Any CPU = Debug|Any CPU
		Release|Any CPU = Release|Any CPU
	EndGlobalSection
	GlobalSection(ProjectConfigurationPlatforms) = postSolution
		{D9FD5343-16A2-4BFC-8CC3-4C640BB2E087}.Debug|Any CPU.ActiveCfg = Debug|Any CPU
		{D9FD5343-16A2-4BFC-8CC3-4C640BB2E087}.Debug|Any CPU.Build.0 = Debug|Any CPU
		{D9FD5343-16A2-4BFC-8CC3-4C640BB2E087}.Release|Any CPU.ActiveCfg = Release|Any CPU
		{D9FD5343-16A2-4BFC-8CC3-4C640BB2E087}.Release|Any CPU.Build.0 = Release|Any CPU
	EndGlobalSection
	GlobalSection(SolutionProperties) = preSolution
		HideSolutionNode = FALSE
	EndGlobalSection
	GlobalSection(ExtensibilityGlobals) = postSolution
		SolutionGuid = {EB736E13-858C-40EB-8267-1CF3992B37EB}
	EndGlobalSection
EndGlobal
